
Microsoft Visual Studio Solution File, Format Version 12.00
# Visual Studio Version 16
VisualStudioVersion = 16.0.34407.143
MinimumVisualStudioVersion = 10.0.40219.1
Project("{FAE04EC0-301F-11D3-BF4B-00C04F79EFBC}") = "WebApplication", "WebApplication\WebApplication.csproj", "{ADC12BD8-D684-4C17-B1BE-9DC0D3D9D231}"
EndProject
Global
	GlobalSection(SolutionConfigurationPlatforms) = preSolution
		Debug|Any CPU = Debug|Any CPU
		Release|Any CPU = Release|Any CPU
	EndGlobalSection
	GlobalSection(ProjectConfigurationPlatforms) = postSolution
		{ADC12BD8-D684-4C17-B1BE-9DC0D3D9D231}.Debug|Any CPU.ActiveCfg = Debug|Any CPU
		{ADC12BD8-D684-4C17-B1BE-9DC0D3D9D231}.Debug|Any CPU.Build.0 = Debug|Any CPU
		{ADC12BD8-D684-4C17-B1BE-9DC0D3D9D231}.Release|Any CPU.ActiveCfg = Release|Any CPU
		{ADC12BD8-D684-4C17-B1BE-9DC0D3D9D231}.Release|Any CPU.Build.0 = Release|Any CPU
	EndGlobalSection
	GlobalSection(SolutionProperties) = preSolution
		HideSolutionNode = FALSE
	EndGlobalSection
	GlobalSection(ExtensibilityGlobals) = postSolution
		SolutionGuid = {A6AF3CEF-7B56-42B2-BFF6-C26E2AD4F33E}
	EndGlobalSection
EndGlobal
